// !$*UTF8*$!
{
	archiveVersion = 1;
	classes = {
	};
	objectVersion = 50;
	objects = {

/* Begin PBXBuildFile section */
		530490A6271E473A00E4F4B3 /* NetworkManager.swift in Sources */ = {isa = PBXBuildFile; fileRef = 530490A5271E473A00E4F4B3 /* NetworkManager.swift */; };
		530490A9271E495700E4F4B3 /* ErrorModel.swift in Sources */ = {isa = PBXBuildFile; fileRef = 530490A8271E495700E4F4B3 /* ErrorModel.swift */; };
		530490AC271E4B4500E4F4B3 /* LogManager.swift in Sources */ = {isa = PBXBuildFile; fileRef = 530490AB271E4B4500E4F4B3 /* LogManager.swift */; };
		530490AE271E4BA000E4F4B3 /* RequestModel.swift in Sources */ = {isa = PBXBuildFile; fileRef = 530490AD271E4BA000E4F4B3 /* RequestModel.swift */; };
		530490B0271E4BDE00E4F4B3 /* ResponseModel.swift in Sources */ = {isa = PBXBuildFile; fileRef = 530490AF271E4BDE00E4F4B3 /* ResponseModel.swift */; };
		530490B3271E4CC600E4F4B3 /* ErrorKey.swift in Sources */ = {isa = PBXBuildFile; fileRef = 530490B2271E4CC600E4F4B3 /* ErrorKey.swift */; };
		530490B5271E4CFC00E4F4B3 /* String+Extension.swift in Sources */ = {isa = PBXBuildFile; fileRef = 530490B4271E4CFC00E4F4B3 /* String+Extension.swift */; };
		530490B8271E53B200E4F4B3 /* Services.swift in Sources */ = {isa = PBXBuildFile; fileRef = 530490B7271E53B200E4F4B3 /* Services.swift */; };
		530490C3271FA94900E4F4B3 /* NetworkDataFlow.swift in Sources */ = {isa = PBXBuildFile; fileRef = 530490C2271FA94900E4F4B3 /* NetworkDataFlow.swift */; };
		530490C5271FADD100E4F4B3 /* NetworkAccess.swift in Sources */ = {isa = PBXBuildFile; fileRef = 530490C4271FADD100E4F4B3 /* NetworkAccess.swift */; };
		530490C7271FAFBF00E4F4B3 /* JsonParser.swift in Sources */ = {isa = PBXBuildFile; fileRef = 530490C6271FAFBF00E4F4B3 /* JsonParser.swift */; };
		530490C9271FB8E900E4F4B3 /* DataProvider.swift in Sources */ = {isa = PBXBuildFile; fileRef = 530490C8271FB8E900E4F4B3 /* DataProvider.swift */; };
		530490CB271FBA0A00E4F4B3 /* EndPoints.swift in Sources */ = {isa = PBXBuildFile; fileRef = 530490CA271FBA0A00E4F4B3 /* EndPoints.swift */; };
		53285E1C2697C35A006A6B57 /* LaunchScreenViewController.swift in Sources */ = {isa = PBXBuildFile; fileRef = 53285E1B2697C35A006A6B57 /* LaunchScreenViewController.swift */; };
		534FF99F2680F7F500732938 /* AppDelegate.swift in Sources */ = {isa = PBXBuildFile; fileRef = 534FF99E2680F7F500732938 /* AppDelegate.swift */; };
		534FF9A12680F7F500732938 /* SceneDelegate.swift in Sources */ = {isa = PBXBuildFile; fileRef = 534FF9A02680F7F500732938 /* SceneDelegate.swift */; };
		534FF9A32680F7F500732938 /* FilmsViewController.swift in Sources */ = {isa = PBXBuildFile; fileRef = 534FF9A22680F7F500732938 /* FilmsViewController.swift */; };
		534FF9A62680F7F500732938 /* Main.storyboard in Resources */ = {isa = PBXBuildFile; fileRef = 534FF9A42680F7F500732938 /* Main.storyboard */; };
		534FF9A82680F7FB00732938 /* Assets.xcassets in Resources */ = {isa = PBXBuildFile; fileRef = 534FF9A72680F7FB00732938 /* Assets.xcassets */; };
		534FF9AB2680F7FB00732938 /* LaunchScreen.storyboard in Resources */ = {isa = PBXBuildFile; fileRef = 534FF9A92680F7FB00732938 /* LaunchScreen.storyboard */; };
		534FF9BF2680F91C00732938 /* People.swift in Sources */ = {isa = PBXBuildFile; fileRef = 534FF9B82680F91B00732938 /* People.swift */; };
		536CD97F2713D516005D3E56 /* FilmDetailsScrollView.swift in Sources */ = {isa = PBXBuildFile; fileRef = 536CD97E2713D516005D3E56 /* FilmDetailsScrollView.swift */; };
		5391ADCA26839ECC008732C5 /* Films.swift in Sources */ = {isa = PBXBuildFile; fileRef = 5391ADC926839ECC008732C5 /* Films.swift */; };
		5391ADCE26866BDC008732C5 /* Networking.swift in Sources */ = {isa = PBXBuildFile; fileRef = 5391ADCD26866BDC008732C5 /* Networking.swift */; };
		5391ADD0268783AD008732C5 /* FilmDetailsViewController.swift in Sources */ = {isa = PBXBuildFile; fileRef = 5391ADCF268783AD008732C5 /* FilmDetailsViewController.swift */; };
		53BB0A5E271C870D00E41C46 /* Objects.swift in Sources */ = {isa = PBXBuildFile; fileRef = 53BB0A5D271C870D00E41C46 /* Objects.swift */; };
/* End PBXBuildFile section */

/* Begin PBXFileReference section */
		530490A5271E473A00E4F4B3 /* NetworkManager.swift */ = {isa = PBXFileReference; lastKnownFileType = sourcecode.swift; path = NetworkManager.swift; sourceTree = "<group>"; };
		530490A8271E495700E4F4B3 /* ErrorModel.swift */ = {isa = PBXFileReference; lastKnownFileType = sourcecode.swift; path = ErrorModel.swift; sourceTree = "<group>"; };
		530490AB271E4B4500E4F4B3 /* LogManager.swift */ = {isa = PBXFileReference; lastKnownFileType = sourcecode.swift; path = LogManager.swift; sourceTree = "<group>"; };
		530490AD271E4BA000E4F4B3 /* RequestModel.swift */ = {isa = PBXFileReference; lastKnownFileType = sourcecode.swift; path = RequestModel.swift; sourceTree = "<group>"; };
		530490AF271E4BDE00E4F4B3 /* ResponseModel.swift */ = {isa = PBXFileReference; lastKnownFileType = sourcecode.swift; path = ResponseModel.swift; sourceTree = "<group>"; };
		530490B2271E4CC600E4F4B3 /* ErrorKey.swift */ = {isa = PBXFileReference; lastKnownFileType = sourcecode.swift; path = ErrorKey.swift; sourceTree = "<group>"; };
		530490B4271E4CFC00E4F4B3 /* String+Extension.swift */ = {isa = PBXFileReference; lastKnownFileType = sourcecode.swift; path = "String+Extension.swift"; sourceTree = "<group>"; };
		530490B7271E53B200E4F4B3 /* Services.swift */ = {isa = PBXFileReference; lastKnownFileType = sourcecode.swift; path = Services.swift; sourceTree = "<group>"; };
		530490C2271FA94900E4F4B3 /* NetworkDataFlow.swift */ = {isa = PBXFileReference; lastKnownFileType = sourcecode.swift; path = NetworkDataFlow.swift; sourceTree = "<group>"; };
		530490C4271FADD100E4F4B3 /* NetworkAccess.swift */ = {isa = PBXFileReference; lastKnownFileType = sourcecode.swift; path = NetworkAccess.swift; sourceTree = "<group>"; };
		530490C6271FAFBF00E4F4B3 /* JsonParser.swift */ = {isa = PBXFileReference; lastKnownFileType = sourcecode.swift; path = JsonParser.swift; sourceTree = "<group>"; };
		530490C8271FB8E900E4F4B3 /* DataProvider.swift */ = {isa = PBXFileReference; lastKnownFileType = sourcecode.swift; path = DataProvider.swift; sourceTree = "<group>"; };
		530490CA271FBA0A00E4F4B3 /* EndPoints.swift */ = {isa = PBXFileReference; lastKnownFileType = sourcecode.swift; path = EndPoints.swift; sourceTree = "<group>"; };
		53285E1B2697C35A006A6B57 /* LaunchScreenViewController.swift */ = {isa = PBXFileReference; lastKnownFileType = sourcecode.swift; path = LaunchScreenViewController.swift; sourceTree = "<group>"; };
		534FF99B2680F7F500732938 /* ghibli-tableview.app */ = {isa = PBXFileReference; explicitFileType = wrapper.application; includeInIndex = 0; path = "ghibli-tableview.app"; sourceTree = BUILT_PRODUCTS_DIR; };
		534FF99E2680F7F500732938 /* AppDelegate.swift */ = {isa = PBXFileReference; lastKnownFileType = sourcecode.swift; path = AppDelegate.swift; sourceTree = "<group>"; };
		534FF9A02680F7F500732938 /* SceneDelegate.swift */ = {isa = PBXFileReference; lastKnownFileType = sourcecode.swift; path = SceneDelegate.swift; sourceTree = "<group>"; };
		534FF9A22680F7F500732938 /* FilmsViewController.swift */ = {isa = PBXFileReference; lastKnownFileType = sourcecode.swift; path = FilmsViewController.swift; sourceTree = "<group>"; };
		534FF9A52680F7F500732938 /* Base */ = {isa = PBXFileReference; lastKnownFileType = file.storyboard; name = Base; path = Base.lproj/Main.storyboard; sourceTree = "<group>"; };
		534FF9A72680F7FB00732938 /* Assets.xcassets */ = {isa = PBXFileReference; lastKnownFileType = folder.assetcatalog; path = Assets.xcassets; sourceTree = "<group>"; };
		534FF9AA2680F7FB00732938 /* Base */ = {isa = PBXFileReference; lastKnownFileType = file.storyboard; name = Base; path = Base.lproj/LaunchScreen.storyboard; sourceTree = "<group>"; };
		534FF9B82680F91B00732938 /* People.swift */ = {isa = PBXFileReference; fileEncoding = 4; lastKnownFileType = sourcecode.swift; path = People.swift; sourceTree = "<group>"; };
		536CD97E2713D516005D3E56 /* FilmDetailsScrollView.swift */ = {isa = PBXFileReference; lastKnownFileType = sourcecode.swift; path = FilmDetailsScrollView.swift; sourceTree = "<group>"; };
		5391ADC926839ECC008732C5 /* Films.swift */ = {isa = PBXFileReference; lastKnownFileType = sourcecode.swift; path = Films.swift; sourceTree = "<group>"; };
		5391ADCD26866BDC008732C5 /* Networking.swift */ = {isa = PBXFileReference; lastKnownFileType = sourcecode.swift; path = Networking.swift; sourceTree = "<group>"; };
		5391ADCF268783AD008732C5 /* FilmDetailsViewController.swift */ = {isa = PBXFileReference; lastKnownFileType = sourcecode.swift; path = FilmDetailsViewController.swift; sourceTree = "<group>"; };
		5394B28627225C5F005B1184 /* Info.plist */ = {isa = PBXFileReference; fileEncoding = 4; lastKnownFileType = text.plist.xml; path = Info.plist; sourceTree = "<group>"; };
		53BB0A5D271C870D00E41C46 /* Objects.swift */ = {isa = PBXFileReference; lastKnownFileType = sourcecode.swift; path = Objects.swift; sourceTree = "<group>"; };
/* End PBXFileReference section */

/* Begin PBXFrameworksBuildPhase section */
		534FF9982680F7F500732938 /* Frameworks */ = {
			isa = PBXFrameworksBuildPhase;
			buildActionMask = 2147483647;
			files = (
			);
			runOnlyForDeploymentPostprocessing = 0;
		};
/* End PBXFrameworksBuildPhase section */

/* Begin PBXGroup section */
		530490A3271E46E600E4F4B3 /* Networking */ = {
			isa = PBXGroup;
			children = (
				530490B6271E539D00E4F4B3 /* Services */,
				530490A5271E473A00E4F4B3 /* NetworkManager.swift */,
				530490AB271E4B4500E4F4B3 /* LogManager.swift */,
				530490A7271E493200E4F4B3 /* NetworkModels */,
			);
			path = Networking;
			sourceTree = "<group>";
		};
		530490A4271E46F500E4F4B3 /* Controllers */ = {
			isa = PBXGroup;
			children = (
				53285E1B2697C35A006A6B57 /* LaunchScreenViewController.swift */,
				534FF9A22680F7F500732938 /* FilmsViewController.swift */,
				5391ADCF268783AD008732C5 /* FilmDetailsViewController.swift */,
				536CD97E2713D516005D3E56 /* FilmDetailsScrollView.swift */,
			);
			path = Controllers;
			sourceTree = "<group>";
		};
		530490A7271E493200E4F4B3 /* NetworkModels */ = {
			isa = PBXGroup;
			children = (
				530490A8271E495700E4F4B3 /* ErrorModel.swift */,
				530490AD271E4BA000E4F4B3 /* RequestModel.swift */,
				530490AF271E4BDE00E4F4B3 /* ResponseModel.swift */,
			);
			path = NetworkModels;
			sourceTree = "<group>";
		};
		530490AA271E49E100E4F4B3 /* SupportFiles */ = {
			isa = PBXGroup;
			children = (
				534FF99E2680F7F500732938 /* AppDelegate.swift */,
				534FF9A02680F7F500732938 /* SceneDelegate.swift */,
				534FF9A72680F7FB00732938 /* Assets.xcassets */,
			);
			path = SupportFiles;
			sourceTree = "<group>";
		};
		530490B1271E4CA900E4F4B3 /* Utilities */ = {
			isa = PBXGroup;
			children = (
				530490B2271E4CC600E4F4B3 /* ErrorKey.swift */,
				530490B4271E4CFC00E4F4B3 /* String+Extension.swift */,
			);
			path = Utilities;
			sourceTree = "<group>";
		};
		530490B6271E539D00E4F4B3 /* Services */ = {
			isa = PBXGroup;
			children = (
				530490B7271E53B200E4F4B3 /* Services.swift */,
			);
			path = Services;
			sourceTree = "<group>";
		};
		530490B9271F506100E4F4B3 /* YusufDemircisSolution */ = {
			isa = PBXGroup;
			children = (
				530490A3271E46E600E4F4B3 /* Networking */,
				530490B1271E4CA900E4F4B3 /* Utilities */,
			);
			path = YusufDemircisSolution;
			sourceTree = "<group>";
		};
		530490BA271FA7E300E4F4B3 /* NivBen-PorathsSolution */ = {
			isa = PBXGroup;
			children = (
				530490BE271FA86100E4F4B3 /* DataProvider */,
				530490C0271FA88A00E4F4B3 /* NetworkAccess */,
				530490BF271FA87700E4F4B3 /* Parsing */,
				530490BB271FA83B00E4F4B3 /* EndPoints */,
			);
			path = "NivBen-PorathsSolution";
			sourceTree = "<group>";
		};
		530490BB271FA83B00E4F4B3 /* EndPoints */ = {
			isa = PBXGroup;
			children = (
				530490CA271FBA0A00E4F4B3 /* EndPoints.swift */,
			);
			path = EndPoints;
			sourceTree = "<group>";
		};
		530490BE271FA86100E4F4B3 /* DataProvider */ = {
			isa = PBXGroup;
			children = (
				530490C8271FB8E900E4F4B3 /* DataProvider.swift */,
				530490C2271FA94900E4F4B3 /* NetworkDataFlow.swift */,
			);
			path = DataProvider;
			sourceTree = "<group>";
		};
		530490BF271FA87700E4F4B3 /* Parsing */ = {
			isa = PBXGroup;
			children = (
				530490C6271FAFBF00E4F4B3 /* JsonParser.swift */,
			);
			path = Parsing;
			sourceTree = "<group>";
		};
		530490C0271FA88A00E4F4B3 /* NetworkAccess */ = {
			isa = PBXGroup;
			children = (
				530490C4271FADD100E4F4B3 /* NetworkAccess.swift */,
			);
			path = NetworkAccess;
			sourceTree = "<group>";
		};
		530490C1271FA8A200E4F4B3 /* Views */ = {
			isa = PBXGroup;
			children = (
				534FF9A92680F7FB00732938 /* LaunchScreen.storyboard */,
				534FF9A42680F7F500732938 /* Main.storyboard */,
			);
			path = Views;
			sourceTree = "<group>";
		};
		534FF9922680F7F500732938 = {
			isa = PBXGroup;
			children = (
				534FF99D2680F7F500732938 /* ghibli-tableview */,
				5394B28627225C5F005B1184 /* Info.plist */,
				534FF99C2680F7F500732938 /* Products */,
			);
			sourceTree = "<group>";
		};
		534FF99C2680F7F500732938 /* Products */ = {
			isa = PBXGroup;
			children = (
				534FF99B2680F7F500732938 /* ghibli-tableview.app */,
			);
			name = Products;
			sourceTree = "<group>";
		};
		534FF99D2680F7F500732938 /* ghibli-tableview */ = {
			isa = PBXGroup;
			children = (
				530490AA271E49E100E4F4B3 /* SupportFiles */,
				534FF9B22680F91B00732938 /* Models */,
				530490C1271FA8A200E4F4B3 /* Views */,
				530490A4271E46F500E4F4B3 /* Controllers */,
				530490BA271FA7E300E4F4B3 /* NivBen-PorathsSolution */,
				530490B9271F506100E4F4B3 /* YusufDemircisSolution */,
			);
			path = "ghibli-tableview";
			sourceTree = "<group>";
		};
		534FF9B22680F91B00732938 /* Models */ = {
			isa = PBXGroup;
			children = (
				534FF9B82680F91B00732938 /* People.swift */,
				5391ADCD26866BDC008732C5 /* Networking.swift */,
				5391ADC926839ECC008732C5 /* Films.swift */,
				53BB0A5D271C870D00E41C46 /* Objects.swift */,
			);
			path = Models;
			sourceTree = "<group>";
		};
/* End PBXGroup section */

/* Begin PBXNativeTarget section */
		534FF99A2680F7F500732938 /* ghibli-tableview */ = {
			isa = PBXNativeTarget;
			buildConfigurationList = 534FF9AF2680F7FB00732938 /* Build configuration list for PBXNativeTarget "ghibli-tableview" */;
			buildPhases = (
				534FF9972680F7F500732938 /* Sources */,
				534FF9982680F7F500732938 /* Frameworks */,
				534FF9992680F7F500732938 /* Resources */,
			);
			buildRules = (
			);
			dependencies = (
			);
			name = "ghibli-tableview";
			productName = "ghibli-tableview";
			productReference = 534FF99B2680F7F500732938 /* ghibli-tableview.app */;
			productType = "com.apple.product-type.application";
		};
/* End PBXNativeTarget section */

/* Begin PBXProject section */
		534FF9932680F7F500732938 /* Project object */ = {
			isa = PBXProject;
			attributes = {
				LastSwiftUpdateCheck = 1250;
				LastUpgradeCheck = 1250;
				TargetAttributes = {
					534FF99A2680F7F500732938 = {
						CreatedOnToolsVersion = 12.5;
					};
				};
			};
			buildConfigurationList = 534FF9962680F7F500732938 /* Build configuration list for PBXProject "ghibli-tableview" */;
			compatibilityVersion = "Xcode 9.3";
			developmentRegion = en;
			hasScannedForEncodings = 0;
			knownRegions = (
				en,
				Base,
			);
			mainGroup = 534FF9922680F7F500732938;
			productRefGroup = 534FF99C2680F7F500732938 /* Products */;
			projectDirPath = "";
			projectRoot = "";
			targets = (
				534FF99A2680F7F500732938 /* ghibli-tableview */,
			);
		};
/* End PBXProject section */

/* Begin PBXResourcesBuildPhase section */
		534FF9992680F7F500732938 /* Resources */ = {
			isa = PBXResourcesBuildPhase;
			buildActionMask = 2147483647;
			files = (
				534FF9AB2680F7FB00732938 /* LaunchScreen.storyboard in Resources */,
				534FF9A82680F7FB00732938 /* Assets.xcassets in Resources */,
				534FF9A62680F7F500732938 /* Main.storyboard in Resources */,
			);
			runOnlyForDeploymentPostprocessing = 0;
		};
/* End PBXResourcesBuildPhase section */

/* Begin PBXSourcesBuildPhase section */
		534FF9972680F7F500732938 /* Sources */ = {
			isa = PBXSourcesBuildPhase;
			buildActionMask = 2147483647;
			files = (
				530490C3271FA94900E4F4B3 /* NetworkDataFlow.swift in Sources */,
				534FF9A32680F7F500732938 /* FilmsViewController.swift in Sources */,
				5391ADD0268783AD008732C5 /* FilmDetailsViewController.swift in Sources */,
				536CD97F2713D516005D3E56 /* FilmDetailsScrollView.swift in Sources */,
				530490B5271E4CFC00E4F4B3 /* String+Extension.swift in Sources */,
				530490B8271E53B200E4F4B3 /* Services.swift in Sources */,
				530490C7271FAFBF00E4F4B3 /* JsonParser.swift in Sources */,
				530490A6271E473A00E4F4B3 /* NetworkManager.swift in Sources */,
				530490C5271FADD100E4F4B3 /* NetworkAccess.swift in Sources */,
				5391ADCE26866BDC008732C5 /* Networking.swift in Sources */,
				530490AC271E4B4500E4F4B3 /* LogManager.swift in Sources */,
				530490AE271E4BA000E4F4B3 /* RequestModel.swift in Sources */,
				534FF9BF2680F91C00732938 /* People.swift in Sources */,
				530490B3271E4CC600E4F4B3 /* ErrorKey.swift in Sources */,
				530490CB271FBA0A00E4F4B3 /* EndPoints.swift in Sources */,
				534FF99F2680F7F500732938 /* AppDelegate.swift in Sources */,
				53BB0A5E271C870D00E41C46 /* Objects.swift in Sources */,
				530490C9271FB8E900E4F4B3 /* DataProvider.swift in Sources */,
				534FF9A12680F7F500732938 /* SceneDelegate.swift in Sources */,
				53285E1C2697C35A006A6B57 /* LaunchScreenViewController.swift in Sources */,
				530490B0271E4BDE00E4F4B3 /* ResponseModel.swift in Sources */,
				530490A9271E495700E4F4B3 /* ErrorModel.swift in Sources */,
				5391ADCA26839ECC008732C5 /* Films.swift in Sources */,
			);
			runOnlyForDeploymentPostprocessing = 0;
		};
/* End PBXSourcesBuildPhase section */

/* Begin PBXVariantGroup section */
		534FF9A42680F7F500732938 /* Main.storyboard */ = {
			isa = PBXVariantGroup;
			children = (
				534FF9A52680F7F500732938 /* Base */,
			);
			name = Main.storyboard;
			sourceTree = "<group>";
		};
		534FF9A92680F7FB00732938 /* LaunchScreen.storyboard */ = {
			isa = PBXVariantGroup;
			children = (
				534FF9AA2680F7FB00732938 /* Base */,
			);
			name = LaunchScreen.storyboard;
			sourceTree = "<group>";
		};
/* End PBXVariantGroup section */

/* Begin XCBuildConfiguration section */
		534FF9AD2680F7FB00732938 /* Debug */ = {
			isa = XCBuildConfiguration;
			buildSettings = {
				ALWAYS_SEARCH_USER_PATHS = NO;
				CLANG_ANALYZER_NONNULL = YES;
				CLANG_ANALYZER_NUMBER_OBJECT_CONVERSION = YES_AGGRESSIVE;
				CLANG_CXX_LANGUAGE_STANDARD = "gnu++14";
				CLANG_CXX_LIBRARY = "libc++";
				CLANG_ENABLE_MODULES = YES;
				CLANG_ENABLE_OBJC_ARC = YES;
				CLANG_ENABLE_OBJC_WEAK = YES;
				CLANG_WARN_BLOCK_CAPTURE_AUTORELEASING = YES;
				CLANG_WARN_BOOL_CONVERSION = YES;
				CLANG_WARN_COMMA = YES;
				CLANG_WARN_CONSTANT_CONVERSION = YES;
				CLANG_WARN_DEPRECATED_OBJC_IMPLEMENTATIONS = YES;
				CLANG_WARN_DIRECT_OBJC_ISA_USAGE = YES_ERROR;
				CLANG_WARN_DOCUMENTATION_COMMENTS = YES;
				CLANG_WARN_EMPTY_BODY = YES;
				CLANG_WARN_ENUM_CONVERSION = YES;
				CLANG_WARN_INFINITE_RECURSION = YES;
				CLANG_WARN_INT_CONVERSION = YES;
				CLANG_WARN_NON_LITERAL_NULL_CONVERSION = YES;
				CLANG_WARN_OBJC_IMPLICIT_RETAIN_SELF = YES;
				CLANG_WARN_OBJC_LITERAL_CONVERSION = YES;
				CLANG_WARN_OBJC_ROOT_CLASS = YES_ERROR;
				CLANG_WARN_QUOTED_INCLUDE_IN_FRAMEWORK_HEADER = YES;
				CLANG_WARN_RANGE_LOOP_ANALYSIS = YES;
				CLANG_WARN_STRICT_PROTOTYPES = YES;
				CLANG_WARN_SUSPICIOUS_MOVE = YES;
				CLANG_WARN_UNGUARDED_AVAILABILITY = YES_AGGRESSIVE;
				CLANG_WARN_UNREACHABLE_CODE = YES;
				CLANG_WARN__DUPLICATE_METHOD_MATCH = YES;
				COPY_PHASE_STRIP = NO;
				DEBUG_INFORMATION_FORMAT = dwarf;
				ENABLE_STRICT_OBJC_MSGSEND = YES;
				ENABLE_TESTABILITY = NO;
				GCC_C_LANGUAGE_STANDARD = gnu11;
				GCC_DYNAMIC_NO_PIC = NO;
				GCC_NO_COMMON_BLOCKS = YES;
				GCC_OPTIMIZATION_LEVEL = 0;
				GCC_PREPROCESSOR_DEFINITIONS = (
					"DEBUG=1",
					"$(inherited)",
				);
				GCC_WARN_64_TO_32_BIT_CONVERSION = YES;
				GCC_WARN_ABOUT_RETURN_TYPE = YES_ERROR;
				GCC_WARN_UNDECLARED_SELECTOR = YES;
				GCC_WARN_UNINITIALIZED_AUTOS = YES_AGGRESSIVE;
				GCC_WARN_UNUSED_FUNCTION = YES;
				GCC_WARN_UNUSED_VARIABLE = YES;
				IPHONEOS_DEPLOYMENT_TARGET = 14.5;
				MTL_ENABLE_DEBUG_INFO = INCLUDE_SOURCE;
				MTL_FAST_MATH = YES;
				ONLY_ACTIVE_ARCH = NO;
				SDKROOT = iphoneos;
				SWIFT_ACTIVE_COMPILATION_CONDITIONS = DEBUG;
				SWIFT_OPTIMIZATION_LEVEL = "-Onone";
			};
			name = Debug;
		};
		534FF9AE2680F7FB00732938 /* Release */ = {
			isa = XCBuildConfiguration;
			buildSettings = {
				ALWAYS_SEARCH_USER_PATHS = NO;
				CLANG_ANALYZER_NONNULL = YES;
				CLANG_ANALYZER_NUMBER_OBJECT_CONVERSION = YES_AGGRESSIVE;
				CLANG_CXX_LANGUAGE_STANDARD = "gnu++14";
				CLANG_CXX_LIBRARY = "libc++";
				CLANG_ENABLE_MODULES = YES;
				CLANG_ENABLE_OBJC_ARC = YES;
				CLANG_ENABLE_OBJC_WEAK = YES;
				CLANG_WARN_BLOCK_CAPTURE_AUTORELEASING = YES;
				CLANG_WARN_BOOL_CONVERSION = YES;
				CLANG_WARN_COMMA = YES;
				CLANG_WARN_CONSTANT_CONVERSION = YES;
				CLANG_WARN_DEPRECATED_OBJC_IMPLEMENTATIONS = YES;
				CLANG_WARN_DIRECT_OBJC_ISA_USAGE = YES_ERROR;
				CLANG_WARN_DOCUMENTATION_COMMENTS = YES;
				CLANG_WARN_EMPTY_BODY = YES;
				CLANG_WARN_ENUM_CONVERSION = YES;
				CLANG_WARN_INFINITE_RECURSION = YES;
				CLANG_WARN_INT_CONVERSION = YES;
				CLANG_WARN_NON_LITERAL_NULL_CONVERSION = YES;
				CLANG_WARN_OBJC_IMPLICIT_RETAIN_SELF = YES;
				CLANG_WARN_OBJC_LITERAL_CONVERSION = YES;
				CLANG_WARN_OBJC_ROOT_CLASS = YES_ERROR;
				CLANG_WARN_QUOTED_INCLUDE_IN_FRAMEWORK_HEADER = YES;
				CLANG_WARN_RANGE_LOOP_ANALYSIS = YES;
				CLANG_WARN_STRICT_PROTOTYPES = YES;
				CLANG_WARN_SUSPICIOUS_MOVE = YES;
				CLANG_WARN_UNGUARDED_AVAILABILITY = YES_AGGRESSIVE;
				CLANG_WARN_UNREACHABLE_CODE = YES;
				CLANG_WARN__DUPLICATE_METHOD_MATCH = YES;
				COPY_PHASE_STRIP = NO;
				DEBUG_INFORMATION_FORMAT = "dwarf-with-dsym";
				ENABLE_NS_ASSERTIONS = NO;
				ENABLE_STRICT_OBJC_MSGSEND = YES;
				GCC_C_LANGUAGE_STANDARD = gnu11;
				GCC_NO_COMMON_BLOCKS = YES;
				GCC_WARN_64_TO_32_BIT_CONVERSION = YES;
				GCC_WARN_ABOUT_RETURN_TYPE = YES_ERROR;
				GCC_WARN_UNDECLARED_SELECTOR = YES;
				GCC_WARN_UNINITIALIZED_AUTOS = YES_AGGRESSIVE;
				GCC_WARN_UNUSED_FUNCTION = YES;
				GCC_WARN_UNUSED_VARIABLE = YES;
				IPHONEOS_DEPLOYMENT_TARGET = 14.5;
				MTL_ENABLE_DEBUG_INFO = NO;
				MTL_FAST_MATH = YES;
				ONLY_ACTIVE_ARCH = YES;
				SDKROOT = iphoneos;
				SWIFT_COMPILATION_MODE = wholemodule;
				SWIFT_OPTIMIZATION_LEVEL = "-O";
				VALIDATE_PRODUCT = YES;
			};
			name = Release;
		};
		534FF9B02680F7FB00732938 /* Debug */ = {
			isa = XCBuildConfiguration;
			buildSettings = {
				ASSETCATALOG_COMPILER_APPICON_NAME = AppIcon;
				ASSETCATALOG_COMPILER_GLOBAL_ACCENT_COLOR_NAME = AccentColor;
				ASSETCATALOG_COMPILER_INCLUDE_ALL_APPICON_ASSETS = YES;
				CODE_SIGN_STYLE = Automatic;
				DEVELOPMENT_ASSET_PATHS = "";
				DEVELOPMENT_TEAM = VR7223ZYQY;
				EMBED_ASSET_PACKS_IN_PRODUCT_BUNDLE = YES;
				INFOPLIST_FILE = "$(SRCROOT)/Info.plist";
				INFOPLIST_KEY_UIRequiresFullScreen = YES;
				LD_RUNPATH_SEARCH_PATHS = (
					"$(inherited)",
					"@executable_path/Frameworks",
				);
				ONLY_ACTIVE_ARCH = YES;
				PRODUCT_BUNDLE_IDENTIFIER = "dev.meltonlogan.ghibli-tableview";
				PRODUCT_NAME = "$(TARGET_NAME)";
				SWIFT_VERSION = 5.0;
				TARGETED_DEVICE_FAMILY = 1;
				VALIDATE_PRODUCT = YES;
			};
			name = Debug;
		};
		534FF9B12680F7FB00732938 /* Release */ = {
			isa = XCBuildConfiguration;
			buildSettings = {
				ASSETCATALOG_COMPILER_APPICON_NAME = AppIcon;
				ASSETCATALOG_COMPILER_GLOBAL_ACCENT_COLOR_NAME = AccentColor;
				ASSETCATALOG_COMPILER_INCLUDE_ALL_APPICON_ASSETS = YES;
				CODE_SIGN_STYLE = Automatic;
				DEVELOPMENT_ASSET_PATHS = "";
				DEVELOPMENT_TEAM = VR7223ZYQY;
				ENABLE_ON_DEMAND_RESOURCES = NO;
				INFOPLIST_FILE = "$(SRCROOT)/Info.plist";
				INFOPLIST_KEY_UIRequiresFullScreen = YES;
				LD_RUNPATH_SEARCH_PATHS = (
					"$(inherited)",
					"@executable_path/Frameworks",
				);
				ONLY_ACTIVE_ARCH = NO;
				PRODUCT_BUNDLE_IDENTIFIER = "dev.meltonlogan.ghibli-tableview";
				PRODUCT_NAME = "$(TARGET_NAME)";
				SWIFT_VERSION = 5.0;
				TARGETED_DEVICE_FAMILY = 1;
				VALIDATE_PRODUCT = NO;
			};
			name = Release;
		};
/* End XCBuildConfiguration section */

/* Begin XCConfigurationList section */
		534FF9962680F7F500732938 /* Build configuration list for PBXProject "ghibli-tableview" */ = {
			isa = XCConfigurationList;
			buildConfigurations = (
				534FF9AD2680F7FB00732938 /* Debug */,
				534FF9AE2680F7FB00732938 /* Release */,
			);
			defaultConfigurationIsVisible = 0;
			defaultConfigurationName = Release;
		};
		534FF9AF2680F7FB00732938 /* Build configuration list for PBXNativeTarget "ghibli-tableview" */ = {
			isa = XCConfigurationList;
			buildConfigurations = (
				534FF9B02680F7FB00732938 /* Debug */,
				534FF9B12680F7FB00732938 /* Release */,
			);
			defaultConfigurationIsVisible = 0;
			defaultConfigurationName = Release;
		};
/* End XCConfigurationList section */
	};
	rootObject = 534FF9932680F7F500732938 /* Project object */;
}
